
Microsoft Visual Studio Solution File, Format Version 12.00
# Visual Studio Version 17
VisualStudioVersion = 17.0.31903.59
MinimumVisualStudioVersion = 10.0.40219.1
Project("{FAE04EC0-301F-11D3-BF4B-00C04F79EFBC}") = "Fzerey.DDDStarter.Infrastructure", "Fzerey.DDDStarter.Infrastructure\Fzerey.DDDStarter.Infrastructure.csproj", "{E809387A-949F-4A6D-A050-1B317D1CAECB}"
EndProject
Project("{FAE04EC0-301F-11D3-BF4B-00C04F79EFBC}") = "Fzerey.DDDStarter.Application", "Fzerey.DDDStarter.Application\Fzerey.DDDStarter.Application.csproj", "{2D5335D4-018E-45D6-96F3-FECFB5DF7808}"
EndProject
Project("{FAE04EC0-301F-11D3-BF4B-00C04F79EFBC}") = "Fzerey.DDDStarter.Domain", "Fzerey.DDDStarter.Domain\Fzerey.DDDStarter.Domain.csproj", "{54D00617-58D4-443F-8BAA-D746A2259128}"
EndProject
Project("{FAE04EC0-301F-11D3-BF4B-00C04F79EFBC}") = "Fzerey.DDDStarter.WebApi", "Fzerey.DDDStarter.WebApi\Fzerey.DDDStarter.WebApi.csproj", "{F4113FBA-448F-4BDB-A9BF-3EDE3028F57D}"
EndProject
Project("{FAE04EC0-301F-11D3-BF4B-00C04F79EFBC}") = "Fzerey.DDDStarter.Tests", "Fzerey.DDDStarter.Tests\Fzerey.DDDStarter.Tests.csproj", "{CE7CC168-2EB6-4EB2-9EE0-692297E95CF7}"
EndProject
Project("{FAE04EC0-301F-11D3-BF4B-00C04F79EFBC}") = "Fzerey.DDDStarter.ArchitectureTests", "Fzerey.DDDStarter.ArchitectureTests\Fzerey.DDDStarter.ArchitectureTests.csproj", "{30F7F9C1-D2A3-4284-A218-5EA352A9D587}"
EndProject
Project("{FAE04EC0-301F-11D3-BF4B-00C04F79EFBC}") = "Fzerey.DDDStarter.IntegrationTests", "Fzerey.DDDStarter.IntegrationTests\Fzerey.DDDStarter.IntegrationTests.csproj", "{54BFF962-2680-41F5-B82A-9183D077E0A8}"
EndProject
Global
	GlobalSection(SolutionConfigurationPlatforms) = preSolution
		Debug|Any CPU = Debug|Any CPU
		Debug|x64 = Debug|x64
		Debug|x86 = Debug|x86
		Release|Any CPU = Release|Any CPU
		Release|x64 = Release|x64
		Release|x86 = Release|x86
	EndGlobalSection
	GlobalSection(ProjectConfigurationPlatforms) = postSolution
		{E809387A-949F-4A6D-A050-1B317D1CAECB}.Debug|Any CPU.ActiveCfg = Debug|Any CPU
		{E809387A-949F-4A6D-A050-1B317D1CAECB}.Debug|Any CPU.Build.0 = Debug|Any CPU
		{E809387A-949F-4A6D-A050-1B317D1CAECB}.Debug|x64.ActiveCfg = Debug|Any CPU
		{E809387A-949F-4A6D-A050-1B317D1CAECB}.Debug|x64.Build.0 = Debug|Any CPU
		{E809387A-949F-4A6D-A050-1B317D1CAECB}.Debug|x86.ActiveCfg = Debug|Any CPU
		{E809387A-949F-4A6D-A050-1B317D1CAECB}.Debug|x86.Build.0 = Debug|Any CPU
		{E809387A-949F-4A6D-A050-1B317D1CAECB}.Release|Any CPU.ActiveCfg = Release|Any CPU
		{E809387A-949F-4A6D-A050-1B317D1CAECB}.Release|Any CPU.Build.0 = Release|Any CPU
		{E809387A-949F-4A6D-A050-1B317D1CAECB}.Release|x64.ActiveCfg = Release|Any CPU
		{E809387A-949F-4A6D-A050-1B317D1CAECB}.Release|x64.Build.0 = Release|Any CPU
		{E809387A-949F-4A6D-A050-1B317D1CAECB}.Release|x86.ActiveCfg = Release|Any CPU
		{E809387A-949F-4A6D-A050-1B317D1CAECB}.Release|x86.Build.0 = Release|Any CPU
		{2D5335D4-018E-45D6-96F3-FECFB5DF7808}.Debug|Any CPU.ActiveCfg = Debug|Any CPU
		{2D5335D4-018E-45D6-96F3-FECFB5DF7808}.Debug|Any CPU.Build.0 = Debug|Any CPU
		{2D5335D4-018E-45D6-96F3-FECFB5DF7808}.Debug|x64.ActiveCfg = Debug|Any CPU
		{2D5335D4-018E-45D6-96F3-FECFB5DF7808}.Debug|x64.Build.0 = Debug|Any CPU
		{2D5335D4-018E-45D6-96F3-FECFB5DF7808}.Debug|x86.ActiveCfg = Debug|Any CPU
		{2D5335D4-018E-45D6-96F3-FECFB5DF7808}.Debug|x86.Build.0 = Debug|Any CPU
		{2D5335D4-018E-45D6-96F3-FECFB5DF7808}.Release|Any CPU.ActiveCfg = Release|Any CPU
		{2D5335D4-018E-45D6-96F3-FECFB5DF7808}.Release|Any CPU.Build.0 = Release|Any CPU
		{2D5335D4-018E-45D6-96F3-FECFB5DF7808}.Release|x64.ActiveCfg = Release|Any CPU
		{2D5335D4-018E-45D6-96F3-FECFB5DF7808}.Release|x64.Build.0 = Release|Any CPU
		{2D5335D4-018E-45D6-96F3-FECFB5DF7808}.Release|x86.ActiveCfg = Release|Any CPU
		{2D5335D4-018E-45D6-96F3-FECFB5DF7808}.Release|x86.Build.0 = Release|Any CPU
		{54D00617-58D4-443F-8BAA-D746A2259128}.Debug|Any CPU.ActiveCfg = Debug|Any CPU
		{54D00617-58D4-443F-8BAA-D746A2259128}.Debug|Any CPU.Build.0 = Debug|Any CPU
		{54D00617-58D4-443F-8BAA-D746A2259128}.Debug|x64.ActiveCfg = Debug|Any CPU
		{54D00617-58D4-443F-8BAA-D746A2259128}.Debug|x64.Build.0 = Debug|Any CPU
		{54D00617-58D4-443F-8BAA-D746A2259128}.Debug|x86.ActiveCfg = Debug|Any CPU
		{54D00617-58D4-443F-8BAA-D746A2259128}.Debug|x86.Build.0 = Debug|Any CPU
		{54D00617-58D4-443F-8BAA-D746A2259128}.Release|Any CPU.ActiveCfg = Release|Any CPU
		{54D00617-58D4-443F-8BAA-D746A2259128}.Release|Any CPU.Build.0 = Release|Any CPU
		{54D00617-58D4-443F-8BAA-D746A2259128}.Release|x64.ActiveCfg = Release|Any CPU
		{54D00617-58D4-443F-8BAA-D746A2259128}.Release|x64.Build.0 = Release|Any CPU
		{54D00617-58D4-443F-8BAA-D746A2259128}.Release|x86.ActiveCfg = Release|Any CPU
		{54D00617-58D4-443F-8BAA-D746A2259128}.Release|x86.Build.0 = Release|Any CPU
		{F4113FBA-448F-4BDB-A9BF-3EDE3028F57D}.Debug|Any CPU.ActiveCfg = Debug|Any CPU
		{F4113FBA-448F-4BDB-A9BF-3EDE3028F57D}.Debug|Any CPU.Build.0 = Debug|Any CPU
		{F4113FBA-448F-4BDB-A9BF-3EDE3028F57D}.Debug|x64.ActiveCfg = Debug|Any CPU
		{F4113FBA-448F-4BDB-A9BF-3EDE3028F57D}.Debug|x64.Build.0 = Debug|Any CPU
		{F4113FBA-448F-4BDB-A9BF-3EDE3028F57D}.Debug|x86.ActiveCfg = Debug|Any CPU
		{F4113FBA-448F-4BDB-A9BF-3EDE3028F57D}.Debug|x86.Build.0 = Debug|Any CPU
		{F4113FBA-448F-4BDB-A9BF-3EDE3028F57D}.Release|Any CPU.ActiveCfg = Release|Any CPU
		{F4113FBA-448F-4BDB-A9BF-3EDE3028F57D}.Release|Any CPU.Build.0 = Release|Any CPU
		{F4113FBA-448F-4BDB-A9BF-3EDE3028F57D}.Release|x64.ActiveCfg = Release|Any CPU
		{F4113FBA-448F-4BDB-A9BF-3EDE3028F57D}.Release|x64.Build.0 = Release|Any CPU
		{F4113FBA-448F-4BDB-A9BF-3EDE3028F57D}.Release|x86.ActiveCfg = Release|Any CPU
		{F4113FBA-448F-4BDB-A9BF-3EDE3028F57D}.Release|x86.Build.0 = Release|Any CPU
		{CE7CC168-2EB6-4EB2-9EE0-692297E95CF7}.Debug|Any CPU.ActiveCfg = Debug|Any CPU
		{CE7CC168-2EB6-4EB2-9EE0-692297E95CF7}.Debug|Any CPU.Build.0 = Debug|Any CPU
		{CE7CC168-2EB6-4EB2-9EE0-692297E95CF7}.Debug|x64.ActiveCfg = Debug|Any CPU
		{CE7CC168-2EB6-4EB2-9EE0-692297E95CF7}.Debug|x64.Build.0 = Debug|Any CPU
		{CE7CC168-2EB6-4EB2-9EE0-692297E95CF7}.Debug|x86.ActiveCfg = Debug|Any CPU
		{CE7CC168-2EB6-4EB2-9EE0-692297E95CF7}.Debug|x86.Build.0 = Debug|Any CPU
		{CE7CC168-2EB6-4EB2-9EE0-692297E95CF7}.Release|Any CPU.ActiveCfg = Release|Any CPU
		{CE7CC168-2EB6-4EB2-9EE0-692297E95CF7}.Release|Any CPU.Build.0 = Release|Any CPU
		{CE7CC168-2EB6-4EB2-9EE0-692297E95CF7}.Release|x64.ActiveCfg = Release|Any CPU
		{CE7CC168-2EB6-4EB2-9EE0-692297E95CF7}.Release|x64.Build.0 = Release|Any CPU
		{CE7CC168-2EB6-4EB2-9EE0-692297E95CF7}.Release|x86.ActiveCfg = Release|Any CPU
		{CE7CC168-2EB6-4EB2-9EE0-692297E95CF7}.Release|x86.Build.0 = Release|Any CPU
		{30F7F9C1-D2A3-4284-A218-5EA352A9D587}.Debug|Any CPU.ActiveCfg = Debug|Any CPU
		{30F7F9C1-D2A3-4284-A218-5EA352A9D587}.Debug|Any CPU.Build.0 = Debug|Any CPU
		{30F7F9C1-D2A3-4284-A218-5EA352A9D587}.Debug|x64.ActiveCfg = Debug|Any CPU
		{30F7F9C1-D2A3-4284-A218-5EA352A9D587}.Debug|x64.Build.0 = Debug|Any CPU
		{30F7F9C1-D2A3-4284-A218-5EA352A9D587}.Debug|x86.ActiveCfg = Debug|Any CPU
		{30F7F9C1-D2A3-4284-A218-5EA352A9D587}.Debug|x86.Build.0 = Debug|Any CPU
		{30F7F9C1-D2A3-4284-A218-5EA352A9D587}.Release|Any CPU.ActiveCfg = Release|Any CPU
		{30F7F9C1-D2A3-4284-A218-5EA352A9D587}.Release|Any CPU.Build.0 = Release|Any CPU
		{30F7F9C1-D2A3-4284-A218-5EA352A9D587}.Release|x64.ActiveCfg = Release|Any CPU
		{30F7F9C1-D2A3-4284-A218-5EA352A9D587}.Release|x64.Build.0 = Release|Any CPU
		{30F7F9C1-D2A3-4284-A218-5EA352A9D587}.Release|x86.ActiveCfg = Release|Any CPU
		{30F7F9C1-D2A3-4284-A218-5EA352A9D587}.Release|x86.Build.0 = Release|Any CPU
		{54BFF962-2680-41F5-B82A-9183D077E0A8}.Debug|Any CPU.ActiveCfg = Debug|Any CPU
		{54BFF962-2680-41F5-B82A-9183D077E0A8}.Debug|Any CPU.Build.0 = Debug|Any CPU
		{54BFF962-2680-41F5-B82A-9183D077E0A8}.Debug|x64.ActiveCfg = Debug|Any CPU
		{54BFF962-2680-41F5-B82A-9183D077E0A8}.Debug|x64.Build.0 = Debug|Any CPU
		{54BFF962-2680-41F5-B82A-9183D077E0A8}.Debug|x86.ActiveCfg = Debug|Any CPU
		{54BFF962-2680-41F5-B82A-9183D077E0A8}.Debug|x86.Build.0 = Debug|Any CPU
		{54BFF962-2680-41F5-B82A-9183D077E0A8}.Release|Any CPU.ActiveCfg = Release|Any CPU
		{54BFF962-2680-41F5-B82A-9183D077E0A8}.Release|Any CPU.Build.0 = Release|Any CPU
		{54BFF962-2680-41F5-B82A-9183D077E0A8}.Release|x64.ActiveCfg = Release|Any CPU
		{54BFF962-2680-41F5-B82A-9183D077E0A8}.Release|x64.Build.0 = Release|Any CPU
		{54BFF962-2680-41F5-B82A-9183D077E0A8}.Release|x86.ActiveCfg = Release|Any CPU
		{54BFF962-2680-41F5-B82A-9183D077E0A8}.Release|x86.Build.0 = Release|Any CPU
	EndGlobalSection
	GlobalSection(SolutionProperties) = preSolution
		HideSolutionNode = FALSE
	EndGlobalSection
EndGlobal
